{
    "_meta": {
        "hash": {
            "sha256": "7a514e276c2c41a41fd3273c7adac44f5cb49ca6103843eea6fa4c81b5ab0603"
        },
        "pipfile-spec": 6,
        "requires": {
            "python_version": "3.6"
        },
        "sources": [
            {
                "name": "pypi",
                "url": "https://pypi.org/simple",
                "verify_ssl": true
            }
        ]
    },
    "default": {
        "counter": {
            "hashes": [
                "sha256:9e008590e360936a66c98e1a01e7a9a0ecf6af19cc588107121f5fb4613bb60c",
                "sha256:dea394d8c1d6e863127d4e92bbc2d5121542393580574d8fb292b41bbe3f0782"
            ],
            "index": "pypi",
            "version": "==1.0.0"
        },
        "pypdf2": {
            "hashes": [
                "sha256:e28f902f2f0a1603ea95ebe21dff311ef09be3d0f0ef29a3e44a932729564385"
            ],
            "index": "pypi",
            "version": "==1.26.0"
        }
    },
    "develop": {}
}
